
Microsoft Visual Studio Solution File, Format Version 12.00
# Visual Studio Version 16
VisualStudioVersion = 16.0.31613.86
MinimumVisualStudioVersion = 10.0.40219.1
Project("{FAE04EC0-301F-11D3-BF4B-00C04F79EFBC}") = "APICatalagoJogos", "APICatalagoJogos\APICatalagoJogos.csproj", "{74DB54D6-EAAC-40CA-925B-61C20459075E}"
EndProject
Global
	GlobalSection(SolutionConfigurationPlatforms) = preSolution
		Debug|Any CPU = Debug|Any CPU
		Release|Any CPU = Release|Any CPU
	EndGlobalSection
	GlobalSection(ProjectConfigurationPlatforms) = postSolution
		{74DB54D6-EAAC-40CA-925B-61C20459075E}.Debug|Any CPU.ActiveCfg = Debug|Any CPU
		{74DB54D6-EAAC-40CA-925B-61C20459075E}.Debug|Any CPU.Build.0 = Debug|Any CPU
		{74DB54D6-EAAC-40CA-925B-61C20459075E}.Release|Any CPU.ActiveCfg = Release|Any CPU
		{74DB54D6-EAAC-40CA-925B-61C20459075E}.Release|Any CPU.Build.0 = Release|Any CPU
	EndGlobalSection
	GlobalSection(SolutionProperties) = preSolution
		HideSolutionNode = FALSE
	EndGlobalSection
	GlobalSection(ExtensibilityGlobals) = postSolution
		SolutionGuid = {82480BB8-2119-41ED-B8F0-1A6A7515E3E2}
	EndGlobalSection
EndGlobal
